
Microsoft Visual Studio Solution File, Format Version 12.00
# Visual Studio Version 17
VisualStudioVersion = 17.0.32112.339
MinimumVisualStudioVersion = 10.0.40219.1
Project("{2150E333-8FDC-42A3-9474-1A3956D46DE8}") = "Assignment1", "Assignment1", "{62BF9650-39DC-4C41-AF57-026095830680}"
EndProject
Project("{8BC9CEB8-8B4A-11D0-8D11-00A0C91BC942}") = "Prog23", "Assignment1\Prog23\Prog23.vcxproj", "{96561041-A3B5-4A19-A24B-414CB77098DE}"
EndProject
Project("{8BC9CEB8-8B4A-11D0-8D11-00A0C91BC942}") = "Prog4", "Prog4\Prog4.vcxproj", "{A958FE01-277A-4FF2-92A8-176A4FB387A7}"
EndProject
Project("{8BC9CEB8-8B4A-11D0-8D11-00A0C91BC942}") = "Prog8", "Prog8\Prog8.vcxproj", "{6B1BB3F8-059B-4327-9DF9-41B0865E0B23}"
EndProject
Project("{8BC9CEB8-8B4A-11D0-8D11-00A0C91BC942}") = "Prog10", "Prog10\Prog10.vcxproj", "{E30B2DF5-AE0C-4E80-AFA3-48450CF39EA8}"
EndProject
Project("{8BC9CEB8-8B4A-11D0-8D11-00A0C91BC942}") = "Prog11", "Prog11\Prog11.vcxproj", "{E042E330-E56A-4C33-97E9-0F9AB03A99EE}"
EndProject
Project("{8BC9CEB8-8B4A-11D0-8D11-00A0C91BC942}") = "Prog14", "Prog14\Prog14.vcxproj", "{1F7C842A-16F3-4D5C-A41E-A247DBDB3A88}"
EndProject
Project("{8BC9CEB8-8B4A-11D0-8D11-00A0C91BC942}") = "Prog15", "Prog15\Prog15.vcxproj", "{34E2DB8C-9666-403A-91E4-A48F046815A1}"
EndProject
Project("{8BC9CEB8-8B4A-11D0-8D11-00A0C91BC942}") = "Prog19", "Project19\Project19.vcxproj", "{2A82BE07-BAE3-4EE5-B876-AD446EFF7879}"
EndProject
Project("{8BC9CEB8-8B4A-11D0-8D11-00A0C91BC942}") = "Prog24", "Prog24\Prog24.vcxproj", "{BD374A39-E969-4959-9EC3-02042A3AEDF1}"
EndProject
Project("{8BC9CEB8-8B4A-11D0-8D11-00A0C91BC942}") = "Prog27", "Prog27\Prog27.vcxproj", "{3E1DA78B-BC06-4005-A2B5-77E3A2245FB3}"
EndProject
Project("{8BC9CEB8-8B4A-11D0-8D11-00A0C91BC942}") = "Prog31", "Prog31\Prog31.vcxproj", "{3E2D1D8A-3E70-4EB6-B31F-D6F412C1572D}"
EndProject
Project("{8BC9CEB8-8B4A-11D0-8D11-00A0C91BC942}") = "Prog36", "Prog36\Prog36.vcxproj", "{CA9453FC-1DC2-461F-9642-9A4E489E3509}"
EndProject
Global
	GlobalSection(SolutionConfigurationPlatforms) = preSolution
		Debug|Any CPU = Debug|Any CPU
		Debug|x64 = Debug|x64
		Debug|x86 = Debug|x86
		Release|Any CPU = Release|Any CPU
		Release|x64 = Release|x64
		Release|x86 = Release|x86
	EndGlobalSection
	GlobalSection(ProjectConfigurationPlatforms) = postSolution
		{96561041-A3B5-4A19-A24B-414CB77098DE}.Debug|Any CPU.ActiveCfg = Debug|x64
		{96561041-A3B5-4A19-A24B-414CB77098DE}.Debug|Any CPU.Build.0 = Debug|x64
		{96561041-A3B5-4A19-A24B-414CB77098DE}.Debug|x64.ActiveCfg = Debug|x64
		{96561041-A3B5-4A19-A24B-414CB77098DE}.Debug|x64.Build.0 = Debug|x64
		{96561041-A3B5-4A19-A24B-414CB77098DE}.Debug|x86.ActiveCfg = Debug|Win32
		{96561041-A3B5-4A19-A24B-414CB77098DE}.Debug|x86.Build.0 = Debug|Win32
		{96561041-A3B5-4A19-A24B-414CB77098DE}.Release|Any CPU.ActiveCfg = Release|x64
		{96561041-A3B5-4A19-A24B-414CB77098DE}.Release|Any CPU.Build.0 = Release|x64
		{96561041-A3B5-4A19-A24B-414CB77098DE}.Release|x64.ActiveCfg = Release|x64
		{96561041-A3B5-4A19-A24B-414CB77098DE}.Release|x64.Build.0 = Release|x64
		{96561041-A3B5-4A19-A24B-414CB77098DE}.Release|x86.ActiveCfg = Release|Win32
		{96561041-A3B5-4A19-A24B-414CB77098DE}.Release|x86.Build.0 = Release|Win32
		{A958FE01-277A-4FF2-92A8-176A4FB387A7}.Debug|Any CPU.ActiveCfg = Debug|x64
		{A958FE01-277A-4FF2-92A8-176A4FB387A7}.Debug|Any CPU.Build.0 = Debug|x64
		{A958FE01-277A-4FF2-92A8-176A4FB387A7}.Debug|x64.ActiveCfg = Debug|x64
		{A958FE01-277A-4FF2-92A8-176A4FB387A7}.Debug|x64.Build.0 = Debug|x64
		{A958FE01-277A-4FF2-92A8-176A4FB387A7}.Debug|x86.ActiveCfg = Debug|Win32
		{A958FE01-277A-4FF2-92A8-176A4FB387A7}.Debug|x86.Build.0 = Debug|Win32
		{A958FE01-277A-4FF2-92A8-176A4FB387A7}.Release|Any CPU.ActiveCfg = Release|x64
		{A958FE01-277A-4FF2-92A8-176A4FB387A7}.Release|Any CPU.Build.0 = Release|x64
		{A958FE01-277A-4FF2-92A8-176A4FB387A7}.Release|x64.ActiveCfg = Release|x64
		{A958FE01-277A-4FF2-92A8-176A4FB387A7}.Release|x64.Build.0 = Release|x64
		{A958FE01-277A-4FF2-92A8-176A4FB387A7}.Release|x86.ActiveCfg = Release|Win32
		{A958FE01-277A-4FF2-92A8-176A4FB387A7}.Release|x86.Build.0 = Release|Win32
		{6B1BB3F8-059B-4327-9DF9-41B0865E0B23}.Debug|Any CPU.ActiveCfg = Debug|x64
		{6B1BB3F8-059B-4327-9DF9-41B0865E0B23}.Debug|Any CPU.Build.0 = Debug|x64
		{6B1BB3F8-059B-4327-9DF9-41B0865E0B23}.Debug|x64.ActiveCfg = Debug|x64
		{6B1BB3F8-059B-4327-9DF9-41B0865E0B23}.Debug|x64.Build.0 = Debug|x64
		{6B1BB3F8-059B-4327-9DF9-41B0865E0B23}.Debug|x86.ActiveCfg = Debug|Win32
		{6B1BB3F8-059B-4327-9DF9-41B0865E0B23}.Debug|x86.Build.0 = Debug|Win32
		{6B1BB3F8-059B-4327-9DF9-41B0865E0B23}.Release|Any CPU.ActiveCfg = Release|x64
		{6B1BB3F8-059B-4327-9DF9-41B0865E0B23}.Release|Any CPU.Build.0 = Release|x64
		{6B1BB3F8-059B-4327-9DF9-41B0865E0B23}.Release|x64.ActiveCfg = Release|x64
		{6B1BB3F8-059B-4327-9DF9-41B0865E0B23}.Release|x64.Build.0 = Release|x64
		{6B1BB3F8-059B-4327-9DF9-41B0865E0B23}.Release|x86.ActiveCfg = Release|Win32
		{6B1BB3F8-059B-4327-9DF9-41B0865E0B23}.Release|x86.Build.0 = Release|Win32
		{E30B2DF5-AE0C-4E80-AFA3-48450CF39EA8}.Debug|Any CPU.ActiveCfg = Debug|x64
		{E30B2DF5-AE0C-4E80-AFA3-48450CF39EA8}.Debug|Any CPU.Build.0 = Debug|x64
		{E30B2DF5-AE0C-4E80-AFA3-48450CF39EA8}.Debug|x64.ActiveCfg = Debug|x64
		{E30B2DF5-AE0C-4E80-AFA3-48450CF39EA8}.Debug|x64.Build.0 = Debug|x64
		{E30B2DF5-AE0C-4E80-AFA3-48450CF39EA8}.Debug|x86.ActiveCfg = Debug|Win32
		{E30B2DF5-AE0C-4E80-AFA3-48450CF39EA8}.Debug|x86.Build.0 = Debug|Win32
		{E30B2DF5-AE0C-4E80-AFA3-48450CF39EA8}.Release|Any CPU.ActiveCfg = Release|x64
		{E30B2DF5-AE0C-4E80-AFA3-48450CF39EA8}.Release|Any CPU.Build.0 = Release|x64
		{E30B2DF5-AE0C-4E80-AFA3-48450CF39EA8}.Release|x64.ActiveCfg = Release|x64
		{E30B2DF5-AE0C-4E80-AFA3-48450CF39EA8}.Release|x64.Build.0 = Release|x64
		{E30B2DF5-AE0C-4E80-AFA3-48450CF39EA8}.Release|x86.ActiveCfg = Release|Win32
		{E30B2DF5-AE0C-4E80-AFA3-48450CF39EA8}.Release|x86.Build.0 = Release|Win32
		{E042E330-E56A-4C33-97E9-0F9AB03A99EE}.Debug|Any CPU.ActiveCfg = Debug|x64
		{E042E330-E56A-4C33-97E9-0F9AB03A99EE}.Debug|Any CPU.Build.0 = Debug|x64
		{E042E330-E56A-4C33-97E9-0F9AB03A99EE}.Debug|x64.ActiveCfg = Debug|x64
		{E042E330-E56A-4C33-97E9-0F9AB03A99EE}.Debug|x64.Build.0 = Debug|x64
		{E042E330-E56A-4C33-97E9-0F9AB03A99EE}.Debug|x86.ActiveCfg = Debug|Win32
		{E042E330-E56A-4C33-97E9-0F9AB03A99EE}.Debug|x86.Build.0 = Debug|Win32
		{E042E330-E56A-4C33-97E9-0F9AB03A99EE}.Release|Any CPU.ActiveCfg = Release|x64
		{E042E330-E56A-4C33-97E9-0F9AB03A99EE}.Release|Any CPU.Build.0 = Release|x64
		{E042E330-E56A-4C33-97E9-0F9AB03A99EE}.Release|x64.ActiveCfg = Release|x64
		{E042E330-E56A-4C33-97E9-0F9AB03A99EE}.Release|x64.Build.0 = Release|x64
		{E042E330-E56A-4C33-97E9-0F9AB03A99EE}.Release|x86.ActiveCfg = Release|Win32
		{E042E330-E56A-4C33-97E9-0F9AB03A99EE}.Release|x86.Build.0 = Release|Win32
		{1F7C842A-16F3-4D5C-A41E-A247DBDB3A88}.Debug|Any CPU.ActiveCfg = Debug|x64
		{1F7C842A-16F3-4D5C-A41E-A247DBDB3A88}.Debug|Any CPU.Build.0 = Debug|x64
		{1F7C842A-16F3-4D5C-A41E-A247DBDB3A88}.Debug|x64.ActiveCfg = Debug|x64
		{1F7C842A-16F3-4D5C-A41E-A247DBDB3A88}.Debug|x64.Build.0 = Debug|x64
		{1F7C842A-16F3-4D5C-A41E-A247DBDB3A88}.Debug|x86.ActiveCfg = Debug|Win32
		{1F7C842A-16F3-4D5C-A41E-A247DBDB3A88}.Debug|x86.Build.0 = Debug|Win32
		{1F7C842A-16F3-4D5C-A41E-A247DBDB3A88}.Release|Any CPU.ActiveCfg = Release|x64
		{1F7C842A-16F3-4D5C-A41E-A247DBDB3A88}.Release|Any CPU.Build.0 = Release|x64
		{1F7C842A-16F3-4D5C-A41E-A247DBDB3A88}.Release|x64.ActiveCfg = Release|x64
		{1F7C842A-16F3-4D5C-A41E-A247DBDB3A88}.Release|x64.Build.0 = Release|x64
		{1F7C842A-16F3-4D5C-A41E-A247DBDB3A88}.Release|x86.ActiveCfg = Release|Win32
		{1F7C842A-16F3-4D5C-A41E-A247DBDB3A88}.Release|x86.Build.0 = Release|Win32
		{34E2DB8C-9666-403A-91E4-A48F046815A1}.Debug|Any CPU.ActiveCfg = Debug|x64
		{34E2DB8C-9666-403A-91E4-A48F046815A1}.Debug|Any CPU.Build.0 = Debug|x64
		{34E2DB8C-9666-403A-91E4-A48F046815A1}.Debug|x64.ActiveCfg = Debug|x64
		{34E2DB8C-9666-403A-91E4-A48F046815A1}.Debug|x64.Build.0 = Debug|x64
		{34E2DB8C-9666-403A-91E4-A48F046815A1}.Debug|x86.ActiveCfg = Debug|Win32
		{34E2DB8C-9666-403A-91E4-A48F046815A1}.Debug|x86.Build.0 = Debug|Win32
		{34E2DB8C-9666-403A-91E4-A48F046815A1}.Release|Any CPU.ActiveCfg = Release|x64
		{34E2DB8C-9666-403A-91E4-A48F046815A1}.Release|Any CPU.Build.0 = Release|x64
		{34E2DB8C-9666-403A-91E4-A48F046815A1}.Release|x64.ActiveCfg = Release|x64
		{34E2DB8C-9666-403A-91E4-A48F046815A1}.Release|x64.Build.0 = Release|x64
		{34E2DB8C-9666-403A-91E4-A48F046815A1}.Release|x86.ActiveCfg = Release|Win32
		{34E2DB8C-9666-403A-91E4-A48F046815A1}.Release|x86.Build.0 = Release|Win32
		{2A82BE07-BAE3-4EE5-B876-AD446EFF7879}.Debug|Any CPU.ActiveCfg = Debug|x64
		{2A82BE07-BAE3-4EE5-B876-AD446EFF7879}.Debug|Any CPU.Build.0 = Debug|x64
		{2A82BE07-BAE3-4EE5-B876-AD446EFF7879}.Debug|x64.ActiveCfg = Debug|x64
		{2A82BE07-BAE3-4EE5-B876-AD446EFF7879}.Debug|x64.Build.0 = Debug|x64
		{2A82BE07-BAE3-4EE5-B876-AD446EFF7879}.Debug|x86.ActiveCfg = Debug|Win32
		{2A82BE07-BAE3-4EE5-B876-AD446EFF7879}.Debug|x86.Build.0 = Debug|Win32
		{2A82BE07-BAE3-4EE5-B876-AD446EFF7879}.Release|Any CPU.ActiveCfg = Release|x64
		{2A82BE07-BAE3-4EE5-B876-AD446EFF7879}.Release|Any CPU.Build.0 = Release|x64
		{2A82BE07-BAE3-4EE5-B876-AD446EFF7879}.Release|x64.ActiveCfg = Release|x64
		{2A82BE07-BAE3-4EE5-B876-AD446EFF7879}.Release|x64.Build.0 = Release|x64
		{2A82BE07-BAE3-4EE5-B876-AD446EFF7879}.Release|x86.ActiveCfg = Release|Win32
		{2A82BE07-BAE3-4EE5-B876-AD446EFF7879}.Release|x86.Build.0 = Release|Win32
		{BD374A39-E969-4959-9EC3-02042A3AEDF1}.Debug|Any CPU.ActiveCfg = Debug|x64
		{BD374A39-E969-4959-9EC3-02042A3AEDF1}.Debug|Any CPU.Build.0 = Debug|x64
		{BD374A39-E969-4959-9EC3-02042A3AEDF1}.Debug|x64.ActiveCfg = Debug|x64
		{BD374A39-E969-4959-9EC3-02042A3AEDF1}.Debug|x64.Build.0 = Debug|x64
		{BD374A39-E969-4959-9EC3-02042A3AEDF1}.Debug|x86.ActiveCfg = Debug|Win32
		{BD374A39-E969-4959-9EC3-02042A3AEDF1}.Debug|x86.Build.0 = Debug|Win32
		{BD374A39-E969-4959-9EC3-02042A3AEDF1}.Release|Any CPU.ActiveCfg = Release|x64
		{BD374A39-E969-4959-9EC3-02042A3AEDF1}.Release|Any CPU.Build.0 = Release|x64
		{BD374A39-E969-4959-9EC3-02042A3AEDF1}.Release|x64.ActiveCfg = Release|x64
		{BD374A39-E969-4959-9EC3-02042A3AEDF1}.Release|x64.Build.0 = Release|x64
		{BD374A39-E969-4959-9EC3-02042A3AEDF1}.Release|x86.ActiveCfg = Release|Win32
		{BD374A39-E969-4959-9EC3-02042A3AEDF1}.Release|x86.Build.0 = Release|Win32
		{3E1DA78B-BC06-4005-A2B5-77E3A2245FB3}.Debug|Any CPU.ActiveCfg = Debug|x64
		{3E1DA78B-BC06-4005-A2B5-77E3A2245FB3}.Debug|Any CPU.Build.0 = Debug|x64
		{3E1DA78B-BC06-4005-A2B5-77E3A2245FB3}.Debug|x64.ActiveCfg = Debug|x64
		{3E1DA78B-BC06-4005-A2B5-77E3A2245FB3}.Debug|x64.Build.0 = Debug|x64
		{3E1DA78B-BC06-4005-A2B5-77E3A2245FB3}.Debug|x86.ActiveCfg = Debug|Win32
		{3E1DA78B-BC06-4005-A2B5-77E3A2245FB3}.Debug|x86.Build.0 = Debug|Win32
		{3E1DA78B-BC06-4005-A2B5-77E3A2245FB3}.Release|Any CPU.ActiveCfg = Release|x64
		{3E1DA78B-BC06-4005-A2B5-77E3A2245FB3}.Release|Any CPU.Build.0 = Release|x64
		{3E1DA78B-BC06-4005-A2B5-77E3A2245FB3}.Release|x64.ActiveCfg = Release|x64
		{3E1DA78B-BC06-4005-A2B5-77E3A2245FB3}.Release|x64.Build.0 = Release|x64
		{3E1DA78B-BC06-4005-A2B5-77E3A2245FB3}.Release|x86.ActiveCfg = Release|Win32
		{3E1DA78B-BC06-4005-A2B5-77E3A2245FB3}.Release|x86.Build.0 = Release|Win32
		{3E2D1D8A-3E70-4EB6-B31F-D6F412C1572D}.Debug|Any CPU.ActiveCfg = Debug|x64
		{3E2D1D8A-3E70-4EB6-B31F-D6F412C1572D}.Debug|Any CPU.Build.0 = Debug|x64
		{3E2D1D8A-3E70-4EB6-B31F-D6F412C1572D}.Debug|x64.ActiveCfg = Debug|x64
		{3E2D1D8A-3E70-4EB6-B31F-D6F412C1572D}.Debug|x64.Build.0 = Debug|x64
		{3E2D1D8A-3E70-4EB6-B31F-D6F412C1572D}.Debug|x86.ActiveCfg = Debug|Win32
		{3E2D1D8A-3E70-4EB6-B31F-D6F412C1572D}.Debug|x86.Build.0 = Debug|Win32
		{3E2D1D8A-3E70-4EB6-B31F-D6F412C1572D}.Release|Any CPU.ActiveCfg = Release|x64
		{3E2D1D8A-3E70-4EB6-B31F-D6F412C1572D}.Release|Any CPU.Build.0 = Release|x64
		{3E2D1D8A-3E70-4EB6-B31F-D6F412C1572D}.Release|x64.ActiveCfg = Release|x64
		{3E2D1D8A-3E70-4EB6-B31F-D6F412C1572D}.Release|x64.Build.0 = Release|x64
		{3E2D1D8A-3E70-4EB6-B31F-D6F412C1572D}.Release|x86.ActiveCfg = Release|Win32
		{3E2D1D8A-3E70-4EB6-B31F-D6F412C1572D}.Release|x86.Build.0 = Release|Win32
		{CA9453FC-1DC2-461F-9642-9A4E489E3509}.Debug|Any CPU.ActiveCfg = Debug|x64
		{CA9453FC-1DC2-461F-9642-9A4E489E3509}.Debug|Any CPU.Build.0 = Debug|x64
		{CA9453FC-1DC2-461F-9642-9A4E489E3509}.Debug|x64.ActiveCfg = Debug|x64
		{CA9453FC-1DC2-461F-9642-9A4E489E3509}.Debug|x64.Build.0 = Debug|x64
		{CA9453FC-1DC2-461F-9642-9A4E489E3509}.Debug|x86.ActiveCfg = Debug|Win32
		{CA9453FC-1DC2-461F-9642-9A4E489E3509}.Debug|x86.Build.0 = Debug|Win32
		{CA9453FC-1DC2-461F-9642-9A4E489E3509}.Release|Any CPU.ActiveCfg = Release|x64
		{CA9453FC-1DC2-461F-9642-9A4E489E3509}.Release|Any CPU.Build.0 = Release|x64
		{CA9453FC-1DC2-461F-9642-9A4E489E3509}.Release|x64.ActiveCfg = Release|x64
		{CA9453FC-1DC2-461F-9642-9A4E489E3509}.Release|x64.Build.0 = Release|x64
		{CA9453FC-1DC2-461F-9642-9A4E489E3509}.Release|x86.ActiveCfg = Release|Win32
		{CA9453FC-1DC2-461F-9642-9A4E489E3509}.Release|x86.Build.0 = Release|Win32
	EndGlobalSection
	GlobalSection(SolutionProperties) = preSolution
		HideSolutionNode = FALSE
	EndGlobalSection
	GlobalSection(NestedProjects) = preSolution
		{96561041-A3B5-4A19-A24B-414CB77098DE} = {62BF9650-39DC-4C41-AF57-026095830680}
		{A958FE01-277A-4FF2-92A8-176A4FB387A7} = {62BF9650-39DC-4C41-AF57-026095830680}
		{6B1BB3F8-059B-4327-9DF9-41B0865E0B23} = {62BF9650-39DC-4C41-AF57-026095830680}
		{E30B2DF5-AE0C-4E80-AFA3-48450CF39EA8} = {62BF9650-39DC-4C41-AF57-026095830680}
		{E042E330-E56A-4C33-97E9-0F9AB03A99EE} = {62BF9650-39DC-4C41-AF57-026095830680}
		{1F7C842A-16F3-4D5C-A41E-A247DBDB3A88} = {62BF9650-39DC-4C41-AF57-026095830680}
		{34E2DB8C-9666-403A-91E4-A48F046815A1} = {62BF9650-39DC-4C41-AF57-026095830680}
		{2A82BE07-BAE3-4EE5-B876-AD446EFF7879} = {62BF9650-39DC-4C41-AF57-026095830680}
		{BD374A39-E969-4959-9EC3-02042A3AEDF1} = {62BF9650-39DC-4C41-AF57-026095830680}
		{3E1DA78B-BC06-4005-A2B5-77E3A2245FB3} = {62BF9650-39DC-4C41-AF57-026095830680}
		{3E2D1D8A-3E70-4EB6-B31F-D6F412C1572D} = {62BF9650-39DC-4C41-AF57-026095830680}
		{CA9453FC-1DC2-461F-9642-9A4E489E3509} = {62BF9650-39DC-4C41-AF57-026095830680}
	EndGlobalSection
	GlobalSection(ExtensibilityGlobals) = postSolution
		SolutionGuid = {FF1B8837-ED27-4422-906D-9C1BF577A31B}
	EndGlobalSection
EndGlobal
